
Microsoft Visual Studio Solution File, Format Version 12.00
# Visual Studio Version 17
VisualStudioVersion = 17.6.33829.357
MinimumVisualStudioVersion = 10.0.40219.1
Project("{FAE04EC0-301F-11D3-BF4B-00C04F79EFBC}") = "Jacket Store", "Jacket Store\Jacket Store.csproj", "{BB34043E-AD2A-4FBC-952A-09A603195E1A}"
EndProject
Global
	GlobalSection(SolutionConfigurationPlatforms) = preSolution
		Debug|Any CPU = Debug|Any CPU
		Release|Any CPU = Release|Any CPU
	EndGlobalSection
	GlobalSection(ProjectConfigurationPlatforms) = postSolution
		{BB34043E-AD2A-4FBC-952A-09A603195E1A}.Debug|Any CPU.ActiveCfg = Debug|Any CPU
		{BB34043E-AD2A-4FBC-952A-09A603195E1A}.Debug|Any CPU.Build.0 = Debug|Any CPU
		{BB34043E-AD2A-4FBC-952A-09A603195E1A}.Release|Any CPU.ActiveCfg = Release|Any CPU
		{BB34043E-AD2A-4FBC-952A-09A603195E1A}.Release|Any CPU.Build.0 = Release|Any CPU
	EndGlobalSection
	GlobalSection(SolutionProperties) = preSolution
		HideSolutionNode = FALSE
	EndGlobalSection
	GlobalSection(ExtensibilityGlobals) = postSolution
		SolutionGuid = {460524B9-BFD6-409F-ACCC-F4069CF4B24B}
	EndGlobalSection
EndGlobal
